
Microsoft Visual Studio Solution File, Format Version 12.00
# Visual Studio Version 16
VisualStudioVersion = 16.0.32002.261
MinimumVisualStudioVersion = 10.0.40219.1
Project("{FAE04EC0-301F-11D3-BF4B-00C04F79EFBC}") = "Moodle Ofline Browser Core", "Moodle Ofline Browser Core\Moodle Ofline Browser Core.csproj", "{631F4BA7-E532-403D-97DE-59B9FF2EFD92}"
EndProject
Project("{FAE04EC0-301F-11D3-BF4B-00C04F79EFBC}") = "Moodle Ofline Browser Terminal", "Moodle Ofline Browser Terminal\Moodle Ofline Browser Terminal.csproj", "{9C1FE817-139A-4FD7-AEF0-D6DD54B99BC3}"
EndProject
Global
	GlobalSection(SolutionConfigurationPlatforms) = preSolution
		Debug|Any CPU = Debug|Any CPU
		Release|Any CPU = Release|Any CPU
	EndGlobalSection
	GlobalSection(ProjectConfigurationPlatforms) = postSolution
		{631F4BA7-E532-403D-97DE-59B9FF2EFD92}.Debug|Any CPU.ActiveCfg = Debug|Any CPU
		{631F4BA7-E532-403D-97DE-59B9FF2EFD92}.Debug|Any CPU.Build.0 = Debug|Any CPU
		{631F4BA7-E532-403D-97DE-59B9FF2EFD92}.Release|Any CPU.ActiveCfg = Release|Any CPU
		{631F4BA7-E532-403D-97DE-59B9FF2EFD92}.Release|Any CPU.Build.0 = Release|Any CPU
		{9C1FE817-139A-4FD7-AEF0-D6DD54B99BC3}.Debug|Any CPU.ActiveCfg = Debug|Any CPU
		{9C1FE817-139A-4FD7-AEF0-D6DD54B99BC3}.Debug|Any CPU.Build.0 = Debug|Any CPU
		{9C1FE817-139A-4FD7-AEF0-D6DD54B99BC3}.Release|Any CPU.ActiveCfg = Release|Any CPU
		{9C1FE817-139A-4FD7-AEF0-D6DD54B99BC3}.Release|Any CPU.Build.0 = Release|Any CPU
	EndGlobalSection
	GlobalSection(SolutionProperties) = preSolution
		HideSolutionNode = FALSE
	EndGlobalSection
	GlobalSection(ExtensibilityGlobals) = postSolution
		SolutionGuid = {328B89B7-51D4-42F3-BA98-90A4B741178C}
	EndGlobalSection
EndGlobal
